// !$*UTF8*$!
{
	archiveVersion = 1;
	classes = {
	};
	objectVersion = 46;
	objects = {

/* Begin PBXBuildFile section */
		B0060BFD13C1BBCE002669E0 /* UIKit.framework in Frameworks */ = {isa = PBXBuildFile; fileRef = B0060BFC13C1BBCE002669E0 /* UIKit.framework */; };
		B0060BFF13C1BBCE002669E0 /* Foundation.framework in Frameworks */ = {isa = PBXBuildFile; fileRef = B0060BFE13C1BBCE002669E0 /* Foundation.framework */; };
		B0060C0113C1BBCE002669E0 /* CoreGraphics.framework in Frameworks */ = {isa = PBXBuildFile; fileRef = B0060C0013C1BBCE002669E0 /* CoreGraphics.framework */; };
		B0060C0713C1BBCE002669E0 /* InfoPlist.strings in Resources */ = {isa = PBXBuildFile; fileRef = B0060C0513C1BBCE002669E0 /* InfoPlist.strings */; };
		B0060C0A13C1BBCE002669E0 /* main.m in Sources */ = {isa = PBXBuildFile; fileRef = B0060C0913C1BBCE002669E0 /* main.m */; };
		B0060C0D13C1BBCE002669E0 /* InPerthAppDelegate.m in Sources */ = {isa = PBXBuildFile; fileRef = B0060C0C13C1BBCE002669E0 /* InPerthAppDelegate.m */; };
		B0060C1013C1BBCE002669E0 /* MainWindow.xib in Resources */ = {isa = PBXBuildFile; fileRef = B0060C0E13C1BBCE002669E0 /* MainWindow.xib */; };
		B0060C1313C1BBCE002669E0 /* LatestViewController.m in Sources */ = {isa = PBXBuildFile; fileRef = B0060C1213C1BBCE002669E0 /* LatestViewController.m */; };
		B0060C1613C1BBCE002669E0 /* FoodViewController.m in Sources */ = {isa = PBXBuildFile; fileRef = B0060C1513C1BBCE002669E0 /* FoodViewController.m */; };
		B0060C1913C1BBCE002669E0 /* LatestView.xib in Resources */ = {isa = PBXBuildFile; fileRef = B0060C1713C1BBCE002669E0 /* LatestView.xib */; };
		B0060C1C13C1BBCE002669E0 /* FoodView.xib in Resources */ = {isa = PBXBuildFile; fileRef = B0060C1A13C1BBCE002669E0 /* FoodView.xib */; };
		B010FA1613C819B000E50741 /* WebView.xib in Resources */ = {isa = PBXBuildFile; fileRef = B010FA1513C819B000E50741 /* WebView.xib */; };
		B010FA1A13C81A4E00E50741 /* WebViewController.m in Sources */ = {isa = PBXBuildFile; fileRef = B010FA1913C81A4E00E50741 /* WebViewController.m */; };
		B021BDD413E8485B00A0BC57 /* PlaceInfoView.xib in Resources */ = {isa = PBXBuildFile; fileRef = B021BDD313E8485B00A0BC57 /* PlaceInfoView.xib */; };
		B021BDD813E84BF600A0BC57 /* PlaceHeader.png in Resources */ = {isa = PBXBuildFile; fileRef = B021BDD613E84BF600A0BC57 /* PlaceHeader.png */; };
		B021BDD913E84BF600A0BC57 /* PlaceHeader@2x.png in Resources */ = {isa = PBXBuildFile; fileRef = B021BDD713E84BF600A0BC57 /* PlaceHeader@2x.png */; };
		B021BDDC13E84E5000A0BC57 /* PlaceInfoViewController.m in Sources */ = {isa = PBXBuildFile; fileRef = B021BDDB13E84E5000A0BC57 /* PlaceInfoViewController.m */; };
		B021BDDE13E84EBC00A0BC57 /* MapKit.framework in Frameworks */ = {isa = PBXBuildFile; fileRef = B021BDDD13E84EBC00A0BC57 /* MapKit.framework */; };
		B021BDE113E8549700A0BC57 /* PlaceFooter.png in Resources */ = {isa = PBXBuildFile; fileRef = B021BDDF13E8549700A0BC57 /* PlaceFooter.png */; };
		B021BDE213E8549700A0BC57 /* PlaceFooter@2x.png in Resources */ = {isa = PBXBuildFile; fileRef = B021BDE013E8549700A0BC57 /* PlaceFooter@2x.png */; };
		B027166C13D47DA30046686A /* Icon.png in Resources */ = {isa = PBXBuildFile; fileRef = B027166A13D47DA30046686A /* Icon.png */; };
		B027166D13D47DA30046686A /* Icon@2x.png in Resources */ = {isa = PBXBuildFile; fileRef = B027166B13D47DA30046686A /* Icon@2x.png */; };
		B027167013D47DB80046686A /* Icon@2x.png in Resources */ = {isa = PBXBuildFile; fileRef = B027166F13D47DB80046686A /* Icon@2x.png */; };
		B027167213D47DC00046686A /* Icon.png in Resources */ = {isa = PBXBuildFile; fileRef = B027167113D47DC00046686A /* Icon.png */; };
		B030C8FD13C1C2FA00E8AB65 /* Model.xcdatamodeld in Sources */ = {isa = PBXBuildFile; fileRef = B030C8FB13C1C2FA00E8AB65 /* Model.xcdatamodeld */; };
		B030C90013C1C57D00E8AB65 /* Stub.m in Sources */ = {isa = PBXBuildFile; fileRef = B030C8FF13C1C57D00E8AB65 /* Stub.m */; };
		B030C90313C1C57D00E8AB65 /* Provider.m in Sources */ = {isa = PBXBuildFile; fileRef = B030C90213C1C57D00E8AB65 /* Provider.m */; };
		B030C90513C1C5C600E8AB65 /* CoreData.framework in Frameworks */ = {isa = PBXBuildFile; fileRef = B030C90413C1C5C600E8AB65 /* CoreData.framework */; };
		B0366CAA13F964EA00EDAC38 /* HorizontalDividerCell.xib in Resources */ = {isa = PBXBuildFile; fileRef = B0366CA913F964EA00EDAC38 /* HorizontalDividerCell.xib */; };
		B0366CAE13F9650B00EDAC38 /* CellHorizontalDivider@2x.png in Resources */ = {isa = PBXBuildFile; fileRef = B0366CAC13F9650B00EDAC38 /* CellHorizontalDivider@2x.png */; };
		B0366CAF13F9650B00EDAC38 /* CellHorizontalDivider.png in Resources */ = {isa = PBXBuildFile; fileRef = B0366CAD13F9650B00EDAC38 /* CellHorizontalDivider.png */; };
		B0366CB213F965CF00EDAC38 /* HorizontalDividerCell.m in Sources */ = {isa = PBXBuildFile; fileRef = B0366CB113F965CF00EDAC38 /* HorizontalDividerCell.m */; };
		B046066213C764D500132794 /* Stub@2x.png in Resources */ = {isa = PBXBuildFile; fileRef = B046066013C764D500132794 /* Stub@2x.png */; };
		B046066313C764D500132794 /* Stub.png in Resources */ = {isa = PBXBuildFile; fileRef = B046066113C764D500132794 /* Stub.png */; };
		B04701D713D1B29500E76A96 /* WebViewDetail@2x.png in Resources */ = {isa = PBXBuildFile; fileRef = B04701D513D1B29500E76A96 /* WebViewDetail@2x.png */; };
		B04701D813D1B29500E76A96 /* WebViewDetail.png in Resources */ = {isa = PBXBuildFile; fileRef = B04701D613D1B29500E76A96 /* WebViewDetail.png */; };
		B04701DB13D1B5DA00E76A96 /* Back@2x.png in Resources */ = {isa = PBXBuildFile; fileRef = B04701D913D1B5DA00E76A96 /* Back@2x.png */; };
		B04701DC13D1B5DA00E76A96 /* Back.png in Resources */ = {isa = PBXBuildFile; fileRef = B04701DA13D1B5DA00E76A96 /* Back.png */; };
		B05BBA4813D5C318009FD032 /* Info.png in Resources */ = {isa = PBXBuildFile; fileRef = B05BBA4613D5C318009FD032 /* Info.png */; };
		B05BBA4913D5C318009FD032 /* Info@2x.png in Resources */ = {isa = PBXBuildFile; fileRef = B05BBA4713D5C318009FD032 /* Info@2x.png */; };
		B06610CE13C751900062B512 /* StubCell.m in Sources */ = {isa = PBXBuildFile; fileRef = B06610CD13C751900062B512 /* StubCell.m */; };
		B06610D013C753CF0062B512 /* StubCell.xib in Resources */ = {isa = PBXBuildFile; fileRef = B06610CF13C753CF0062B512 /* StubCell.xib */; };
		B077D20013CAFC1A0047E3A2 /* weather_cloudy.png in Resources */ = {isa = PBXBuildFile; fileRef = B077D1FC13CAFC1A0047E3A2 /* weather_cloudy.png */; };
		B077D20113CAFC1A0047E3A2 /* weather_cloudy@2x.png in Resources */ = {isa = PBXBuildFile; fileRef = B077D1FD13CAFC1A0047E3A2 /* weather_cloudy@2x.png */; };
		B077D20213CAFC1A0047E3A2 /* weather_sun.png in Resources */ = {isa = PBXBuildFile; fileRef = B077D1FE13CAFC1A0047E3A2 /* weather_sun.png */; };
		B077D20313CAFC1A0047E3A2 /* weather_sun@2x.png in Resources */ = {isa = PBXBuildFile; fileRef = B077D1FF13CAFC1A0047E3A2 /* weather_sun@2x.png */; };
		B078F4EA13EAA5B8008C9F69 /* PlaceInfoActionsCell.xib in Resources */ = {isa = PBXBuildFile; fileRef = B078F4E913EAA5B8008C9F69 /* PlaceInfoActionsCell.xib */; };
		B078F4ED13EAA643008C9F69 /* Star@2x.png in Resources */ = {isa = PBXBuildFile; fileRef = B078F4EB13EAA643008C9F69 /* Star@2x.png */; };
		B078F4EE13EAA643008C9F69 /* Star.png in Resources */ = {isa = PBXBuildFile; fileRef = B078F4EC13EAA643008C9F69 /* Star.png */; };
		B078F4F113EAA9DC008C9F69 /* CellDivider.png in Resources */ = {isa = PBXBuildFile; fileRef = B078F4EF13EAA9DC008C9F69 /* CellDivider.png */; };
		B078F4F213EAA9DC008C9F69 /* CellDivider@2x.png in Resources */ = {isa = PBXBuildFile; fileRef = B078F4F013EAA9DC008C9F69 /* CellDivider@2x.png */; };
		B078F4F513EABC94008C9F69 /* Share@2x.png in Resources */ = {isa = PBXBuildFile; fileRef = B078F4F313EABC94008C9F69 /* Share@2x.png */; };
		B078F4F613EABC94008C9F69 /* Share.png in Resources */ = {isa = PBXBuildFile; fileRef = B078F4F413EABC94008C9F69 /* Share.png */; };
		B078F4F913EABD37008C9F69 /* PlaceInfoActionsCell.m in Sources */ = {isa = PBXBuildFile; fileRef = B078F4F813EABD37008C9F69 /* PlaceInfoActionsCell.m */; };
		B08EBC2113E9757600AA7C6A /* CoreLocation.framework in Frameworks */ = {isa = PBXBuildFile; fileRef = B08EBC2013E9757600AA7C6A /* CoreLocation.framework */; };
		B08EBC2513E97C3E00AA7C6A /* PlaceAnnotation.m in Sources */ = {isa = PBXBuildFile; fileRef = B08EBC2413E97C3E00AA7C6A /* PlaceAnnotation.m */; };
		B09A2F0D13C83EF6005922A4 /* Latest.png in Resources */ = {isa = PBXBuildFile; fileRef = B09A2F0C13C83EF6005922A4 /* Latest.png */; };
		B09A2F1013C840E5005922A4 /* food.png in Resources */ = {isa = PBXBuildFile; fileRef = B09A2F0F13C840E5005922A4 /* food.png */; };
		B09A2F1213C84433005922A4 /* food@2x.png in Resources */ = {isa = PBXBuildFile; fileRef = B09A2F1113C84433005922A4 /* food@2x.png */; };
		B09A2F1513C847CB005922A4 /* events@2x.png in Resources */ = {isa = PBXBuildFile; fileRef = B09A2F1313C847CB005922A4 /* events@2x.png */; };
		B09A2F1613C847CB005922A4 /* events.png in Resources */ = {isa = PBXBuildFile; fileRef = B09A2F1413C847CB005922A4 /* events.png */; };
		B09A2F1813C84D6A005922A4 /* Latest@2x.png in Resources */ = {isa = PBXBuildFile; fileRef = B09A2F1713C84D6A005922A4 /* Latest@2x.png */; };
		B09F705313CC6A9200A9A3EF /* Ani_Clouds.png in Resources */ = {isa = PBXBuildFile; fileRef = B09F704B13CC6A9200A9A3EF /* Ani_Clouds.png */; };
		B09F705413CC6A9200A9A3EF /* Ani_Clouds@2x.png in Resources */ = {isa = PBXBuildFile; fileRef = B09F704C13CC6A9200A9A3EF /* Ani_Clouds@2x.png */; };
		B09F705513CC6A9200A9A3EF /* Ani_Rain.png in Resources */ = {isa = PBXBuildFile; fileRef = B09F704D13CC6A9200A9A3EF /* Ani_Rain.png */; };
		B09F705613CC6A9200A9A3EF /* Ani_Rain@2x.png in Resources */ = {isa = PBXBuildFile; fileRef = B09F704E13CC6A9200A9A3EF /* Ani_Rain@2x.png */; };
		B09F705713CC6A9200A9A3EF /* Ani_Sun.png in Resources */ = {isa = PBXBuildFile; fileRef = B09F704F13CC6A9200A9A3EF /* Ani_Sun.png */; };
		B09F705813CC6A9200A9A3EF /* Ani_Sun@2x.png in Resources */ = {isa = PBXBuildFile; fileRef = B09F705013CC6A9200A9A3EF /* Ani_Sun@2x.png */; };
		B09F705913CC6A9200A9A3EF /* WeatherBar.png in Resources */ = {isa = PBXBuildFile; fileRef = B09F705113CC6A9200A9A3EF /* WeatherBar.png */; };
		B09F705A13CC6A9200A9A3EF /* WeatherBar@2x.png in Resources */ = {isa = PBXBuildFile; fileRef = B09F705213CC6A9200A9A3EF /* WeatherBar@2x.png */; };
		B0A7704113F7C149005D2DDF /* MessageUI.framework in Frameworks */ = {isa = PBXBuildFile; fileRef = B0A7704013F7C149005D2DDF /* MessageUI.framework */; };
		B0A7704413F7D944005D2DDF /* TweetView.xib in Resources */ = {isa = PBXBuildFile; fileRef = B0A7704313F7D944005D2DDF /* TweetView.xib */; };
		B0A7704713F7DB70005D2DDF /* TweetViewController.m in Sources */ = {isa = PBXBuildFile; fileRef = B0A7704613F7DB70005D2DDF /* TweetViewController.m */; };
		B0A7704913F7DD08005D2DDF /* CancelButtonView.xib in Resources */ = {isa = PBXBuildFile; fileRef = B0A7704813F7DD08005D2DDF /* CancelButtonView.xib */; };
		B0A7704C13F7E5EE005D2DDF /* CancelButton.png in Resources */ = {isa = PBXBuildFile; fileRef = B0A7704A13F7E5EE005D2DDF /* CancelButton.png */; };
		B0A7704D13F7E5EE005D2DDF /* CancelBackground.png in Resources */ = {isa = PBXBuildFile; fileRef = B0A7704B13F7E5EE005D2DDF /* CancelBackground.png */; };
		B0A7705013F7E69B005D2DDF /* CancelBackground@2x.png in Resources */ = {isa = PBXBuildFile; fileRef = B0A7704E13F7E69B005D2DDF /* CancelBackground@2x.png */; };
		B0A7705113F7E69B005D2DDF /* CancelButton@2x.png in Resources */ = {isa = PBXBuildFile; fileRef = B0A7704F13F7E69B005D2DDF /* CancelButton@2x.png */; };
		B0A7705413F7E6BE005D2DDF /* CancelButtonViewController.m in Sources */ = {isa = PBXBuildFile; fileRef = B0A7705313F7E6BE005D2DDF /* CancelButtonViewController.m */; };
		B0C5FE4113C9A4B3009590DB /* WeatherViewController.m in Sources */ = {isa = PBXBuildFile; fileRef = B0C5FE3F13C9A4B2009590DB /* WeatherViewController.m */; };
		B0C5FE4213C9A4B3009590DB /* WeatherView.xib in Resources */ = {isa = PBXBuildFile; fileRef = B0C5FE4013C9A4B3009590DB /* WeatherView.xib */; };
		B0C5FE4613C9A4F9009590DB /* weather_rain.png in Resources */ = {isa = PBXBuildFile; fileRef = B0C5FE4413C9A4F9009590DB /* weather_rain.png */; };
		B0C5FE4713C9A4F9009590DB /* weather_rain@2x.png in Resources */ = {isa = PBXBuildFile; fileRef = B0C5FE4513C9A4F9009590DB /* weather_rain@2x.png */; };
		B0D5925913D1560B00F33C17 /* Place.m in Sources */ = {isa = PBXBuildFile; fileRef = B0D5925813D1560B00F33C17 /* Place.m */; };
		B0D5926013D15EA300F33C17 /* BaseManager.m in Sources */ = {isa = PBXBuildFile; fileRef = B0D5925F13D15EA300F33C17 /* BaseManager.m */; };
		B0D5926913D1800300F33C17 /* PlaceManager.m in Sources */ = {isa = PBXBuildFile; fileRef = B0D5926813D1800200F33C17 /* PlaceManager.m */; };
		B0DE347813C4712C009991ED /* StubManager.m in Sources */ = {isa = PBXBuildFile; fileRef = B0DE347713C4712C009991ED /* StubManager.m */; };
		B0DE347F13C47652009991ED /* CoreDataHelper.m in Sources */ = {isa = PBXBuildFile; fileRef = B0DE347E13C47652009991ED /* CoreDataHelper.m */; };
		B0DE348213C484B5009991ED /* ProviderManager.m in Sources */ = {isa = PBXBuildFile; fileRef = B0DE348113C484B5009991ED /* ProviderManager.m */; };
		B0E6369613E0734C00F09B41 /* Entitlements.entitlements in Resources */ = {isa = PBXBuildFile; fileRef = B0E6369513E0734C00F09B41 /* Entitlements.entitlements */; };
		B0E6591F13E117740010435B /* libarc.a in Frameworks */ = {isa = PBXBuildFile; fileRef = B0E6591E13E117740010435B /* libarc.a */; };
		B0E6592D13E118A90010435B /* ioapi.c in Sources */ = {isa = PBXBuildFile; fileRef = B0E6592313E118A90010435B /* ioapi.c */; };
		B0E6592E13E118A90010435B /* mztools.c in Sources */ = {isa = PBXBuildFile; fileRef = B0E6592513E118A90010435B /* mztools.c */; };
		B0E6592F13E118A90010435B /* unzip.c in Sources */ = {isa = PBXBuildFile; fileRef = B0E6592713E118A90010435B /* unzip.c */; };
		B0E6593013E118A90010435B /* zip.c in Sources */ = {isa = PBXBuildFile; fileRef = B0E6592913E118A90010435B /* zip.c */; };
		B0E6593113E118A90010435B /* ZipArchive.mm in Sources */ = {isa = PBXBuildFile; fileRef = B0E6592C13E118A90010435B /* ZipArchive.mm */; };
		B0E6593313E118D00010435B /* libz.1.2.3.dylib in Frameworks */ = {isa = PBXBuildFile; fileRef = B0E6593213E118D00010435B /* libz.1.2.3.dylib */; };
		B0F012DB13C460B80091630F /* EventsViewController.m in Sources */ = {isa = PBXBuildFile; fileRef = B0F012D913C460B80091630F /* EventsViewController.m */; };
		B0F012DC13C460B80091630F /* EventsView.xib in Resources */ = {isa = PBXBuildFile; fileRef = B0F012DA13C460B80091630F /* EventsView.xib */; };
		B0F012E213C4640C0091630F /* JSONKit.m in Sources */ = {isa = PBXBuildFile; fileRef = B0F012E113C4640C0091630F /* JSONKit.m */; };
/* End PBXBuildFile section */

/* Begin PBXFileReference section */
		B0060BF813C1BBCE002669E0 /* InPerth.app */ = {isa = PBXFileReference; explicitFileType = wrapper.application; includeInIndex = 0; path = InPerth.app; sourceTree = BUILT_PRODUCTS_DIR; };
		B0060BFC13C1BBCE002669E0 /* UIKit.framework */ = {isa = PBXFileReference; lastKnownFileType = wrapper.framework; name = UIKit.framework; path = System/Library/Frameworks/UIKit.framework; sourceTree = SDKROOT; };
		B0060BFE13C1BBCE002669E0 /* Foundation.framework */ = {isa = PBXFileReference; lastKnownFileType = wrapper.framework; name = Foundation.framework; path = System/Library/Frameworks/Foundation.framework; sourceTree = SDKROOT; };
		B0060C0013C1BBCE002669E0 /* CoreGraphics.framework */ = {isa = PBXFileReference; lastKnownFileType = wrapper.framework; name = CoreGraphics.framework; path = System/Library/Frameworks/CoreGraphics.framework; sourceTree = SDKROOT; };
		B0060C0413C1BBCE002669E0 /* InPerth-Info.plist */ = {isa = PBXFileReference; lastKnownFileType = text.plist.xml; path = "InPerth-Info.plist"; sourceTree = "<group>"; };
		B0060C0613C1BBCE002669E0 /* en */ = {isa = PBXFileReference; lastKnownFileType = text.plist.strings; name = en; path = en.lproj/InfoPlist.strings; sourceTree = "<group>"; };
		B0060C0813C1BBCE002669E0 /* InPerth-Prefix.pch */ = {isa = PBXFileReference; lastKnownFileType = sourcecode.c.h; path = "InPerth-Prefix.pch"; sourceTree = "<group>"; };
		B0060C0913C1BBCE002669E0 /* main.m */ = {isa = PBXFileReference; lastKnownFileType = sourcecode.c.objc; path = main.m; sourceTree = "<group>"; };
		B0060C0B13C1BBCE002669E0 /* InPerthAppDelegate.h */ = {isa = PBXFileReference; lastKnownFileType = sourcecode.c.h; path = InPerthAppDelegate.h; sourceTree = "<group>"; };
		B0060C0C13C1BBCE002669E0 /* InPerthAppDelegate.m */ = {isa = PBXFileReference; lastKnownFileType = sourcecode.c.objc; path = InPerthAppDelegate.m; sourceTree = "<group>"; };
		B0060C0F13C1BBCE002669E0 /* en */ = {isa = PBXFileReference; lastKnownFileType = file.xib; name = en; path = en.lproj/MainWindow.xib; sourceTree = "<group>"; };
		B0060C1113C1BBCE002669E0 /* LatestViewController.h */ = {isa = PBXFileReference; lastKnownFileType = sourcecode.c.h; path = LatestViewController.h; sourceTree = "<group>"; };
		B0060C1213C1BBCE002669E0 /* LatestViewController.m */ = {isa = PBXFileReference; lastKnownFileType = sourcecode.c.objc; path = LatestViewController.m; sourceTree = "<group>"; };
		B0060C1413C1BBCE002669E0 /* FoodViewController.h */ = {isa = PBXFileReference; lastKnownFileType = sourcecode.c.h; path = FoodViewController.h; sourceTree = "<group>"; };
		B0060C1513C1BBCE002669E0 /* FoodViewController.m */ = {isa = PBXFileReference; lastKnownFileType = sourcecode.c.objc; path = FoodViewController.m; sourceTree = "<group>"; };
		B0060C1813C1BBCE002669E0 /* en */ = {isa = PBXFileReference; lastKnownFileType = file.xib; name = en; path = en.lproj/LatestView.xib; sourceTree = "<group>"; };
		B0060C1B13C1BBCE002669E0 /* en */ = {isa = PBXFileReference; lastKnownFileType = file.xib; name = en; path = en.lproj/FoodView.xib; sourceTree = "<group>"; };
		B010FA1513C819B000E50741 /* WebView.xib */ = {isa = PBXFileReference; fileEncoding = 4; lastKnownFileType = file.xib; path = WebView.xib; sourceTree = "<group>"; };
		B010FA1813C81A4E00E50741 /* WebViewController.h */ = {isa = PBXFileReference; fileEncoding = 4; lastKnownFileType = sourcecode.c.h; path = WebViewController.h; sourceTree = "<group>"; };
		B010FA1913C81A4E00E50741 /* WebViewController.m */ = {isa = PBXFileReference; fileEncoding = 4; lastKnownFileType = sourcecode.c.objc; path = WebViewController.m; sourceTree = "<group>"; };
		B021BDD313E8485B00A0BC57 /* PlaceInfoView.xib */ = {isa = PBXFileReference; fileEncoding = 4; lastKnownFileType = file.xib; path = PlaceInfoView.xib; sourceTree = "<group>"; };
		B021BDD613E84BF600A0BC57 /* PlaceHeader.png */ = {isa = PBXFileReference; lastKnownFileType = image.png; path = PlaceHeader.png; sourceTree = "<group>"; };
		B021BDD713E84BF600A0BC57 /* PlaceHeader@2x.png */ = {isa = PBXFileReference; lastKnownFileType = image.png; path = "PlaceHeader@2x.png"; sourceTree = "<group>"; };
		B021BDDA13E84E5000A0BC57 /* PlaceInfoViewController.h */ = {isa = PBXFileReference; fileEncoding = 4; lastKnownFileType = sourcecode.c.h; path = PlaceInfoViewController.h; sourceTree = "<group>"; };
		B021BDDB13E84E5000A0BC57 /* PlaceInfoViewController.m */ = {isa = PBXFileReference; fileEncoding = 4; lastKnownFileType = sourcecode.c.objc; path = PlaceInfoViewController.m; sourceTree = "<group>"; };
		B021BDDD13E84EBC00A0BC57 /* MapKit.framework */ = {isa = PBXFileReference; lastKnownFileType = wrapper.framework; name = MapKit.framework; path = System/Library/Frameworks/MapKit.framework; sourceTree = SDKROOT; };
		B021BDDF13E8549700A0BC57 /* PlaceFooter.png */ = {isa = PBXFileReference; lastKnownFileType = image.png; path = PlaceFooter.png; sourceTree = "<group>"; };
		B021BDE013E8549700A0BC57 /* PlaceFooter@2x.png */ = {isa = PBXFileReference; lastKnownFileType = image.png; path = "PlaceFooter@2x.png"; sourceTree = "<group>"; };
		B027166A13D47DA30046686A /* Icon.png */ = {isa = PBXFileReference; lastKnownFileType = image.png; path = Icon.png; sourceTree = "<group>"; };
		B027166B13D47DA30046686A /* Icon@2x.png */ = {isa = PBXFileReference; lastKnownFileType = image.png; path = "Icon@2x.png"; sourceTree = "<group>"; };
		B027166F13D47DB80046686A /* Icon@2x.png */ = {isa = PBXFileReference; lastKnownFileType = image.png; path = "Icon@2x.png"; sourceTree = "<group>"; };
		B027167113D47DC00046686A /* Icon.png */ = {isa = PBXFileReference; lastKnownFileType = image.png; path = Icon.png; sourceTree = "<group>"; };
		B030C8FC13C1C2FA00E8AB65 /* Model.xcdatamodel */ = {isa = PBXFileReference; lastKnownFileType = wrapper.xcdatamodel; path = Model.xcdatamodel; sourceTree = "<group>"; };
		B030C8FE13C1C57D00E8AB65 /* Stub.h */ = {isa = PBXFileReference; fileEncoding = 4; lastKnownFileType = sourcecode.c.h; name = Stub.h; path = InPerth/Models/Stub.h; sourceTree = "<group>"; };
		B030C8FF13C1C57D00E8AB65 /* Stub.m */ = {isa = PBXFileReference; fileEncoding = 4; lastKnownFileType = sourcecode.c.objc; name = Stub.m; path = InPerth/Models/Stub.m; sourceTree = "<group>"; };
		B030C90113C1C57D00E8AB65 /* Provider.h */ = {isa = PBXFileReference; fileEncoding = 4; lastKnownFileType = sourcecode.c.h; name = Provider.h; path = InPerth/Models/Provider.h; sourceTree = "<group>"; };
		B030C90213C1C57D00E8AB65 /* Provider.m */ = {isa = PBXFileReference; fileEncoding = 4; lastKnownFileType = sourcecode.c.objc; name = Provider.m; path = InPerth/Models/Provider.m; sourceTree = "<group>"; };
		B030C90413C1C5C600E8AB65 /* CoreData.framework */ = {isa = PBXFileReference; lastKnownFileType = wrapper.framework; name = CoreData.framework; path = System/Library/Frameworks/CoreData.framework; sourceTree = SDKROOT; };
		B0366CA913F964EA00EDAC38 /* HorizontalDividerCell.xib */ = {isa = PBXFileReference; fileEncoding = 4; lastKnownFileType = file.xib; path = HorizontalDividerCell.xib; sourceTree = "<group>"; };
		B0366CAC13F9650B00EDAC38 /* CellHorizontalDivider@2x.png */ = {isa = PBXFileReference; lastKnownFileType = image.png; path = "CellHorizontalDivider@2x.png"; sourceTree = "<group>"; };
		B0366CAD13F9650B00EDAC38 /* CellHorizontalDivider.png */ = {isa = PBXFileReference; lastKnownFileType = image.png; path = CellHorizontalDivider.png; sourceTree = "<group>"; };
		B0366CB013F965CF00EDAC38 /* HorizontalDividerCell.h */ = {isa = PBXFileReference; fileEncoding = 4; lastKnownFileType = sourcecode.c.h; path = HorizontalDividerCell.h; sourceTree = "<group>"; };
		B0366CB113F965CF00EDAC38 /* HorizontalDividerCell.m */ = {isa = PBXFileReference; fileEncoding = 4; lastKnownFileType = sourcecode.c.objc; path = HorizontalDividerCell.m; sourceTree = "<group>"; };
		B046066013C764D500132794 /* Stub@2x.png */ = {isa = PBXFileReference; lastKnownFileType = image.png; path = "Stub@2x.png"; sourceTree = "<group>"; };
		B046066113C764D500132794 /* Stub.png */ = {isa = PBXFileReference; lastKnownFileType = image.png; path = Stub.png; sourceTree = "<group>"; };
		B04701D513D1B29500E76A96 /* WebViewDetail@2x.png */ = {isa = PBXFileReference; lastKnownFileType = image.png; path = "WebViewDetail@2x.png"; sourceTree = "<group>"; };
		B04701D613D1B29500E76A96 /* WebViewDetail.png */ = {isa = PBXFileReference; lastKnownFileType = image.png; path = WebViewDetail.png; sourceTree = "<group>"; };
		B04701D913D1B5DA00E76A96 /* Back@2x.png */ = {isa = PBXFileReference; lastKnownFileType = image.png; path = "Back@2x.png"; sourceTree = "<group>"; };
		B04701DA13D1B5DA00E76A96 /* Back.png */ = {isa = PBXFileReference; lastKnownFileType = image.png; path = Back.png; sourceTree = "<group>"; };
		B05BBA4613D5C318009FD032 /* Info.png */ = {isa = PBXFileReference; lastKnownFileType = image.png; path = Info.png; sourceTree = "<group>"; };
		B05BBA4713D5C318009FD032 /* Info@2x.png */ = {isa = PBXFileReference; lastKnownFileType = image.png; path = "Info@2x.png"; sourceTree = "<group>"; };
		B06610CC13C751900062B512 /* StubCell.h */ = {isa = PBXFileReference; fileEncoding = 4; lastKnownFileType = sourcecode.c.h; path = StubCell.h; sourceTree = "<group>"; };
		B06610CD13C751900062B512 /* StubCell.m */ = {isa = PBXFileReference; fileEncoding = 4; lastKnownFileType = sourcecode.c.objc; path = StubCell.m; sourceTree = "<group>"; };
		B06610CF13C753CF0062B512 /* StubCell.xib */ = {isa = PBXFileReference; fileEncoding = 4; lastKnownFileType = file.xib; path = StubCell.xib; sourceTree = "<group>"; };
		B077D1FC13CAFC1A0047E3A2 /* weather_cloudy.png */ = {isa = PBXFileReference; lastKnownFileType = image.png; path = weather_cloudy.png; sourceTree = "<group>"; };
		B077D1FD13CAFC1A0047E3A2 /* weather_cloudy@2x.png */ = {isa = PBXFileReference; lastKnownFileType = image.png; path = "weather_cloudy@2x.png"; sourceTree = "<group>"; };
		B077D1FE13CAFC1A0047E3A2 /* weather_sun.png */ = {isa = PBXFileReference; lastKnownFileType = image.png; path = weather_sun.png; sourceTree = "<group>"; };
		B077D1FF13CAFC1A0047E3A2 /* weather_sun@2x.png */ = {isa = PBXFileReference; lastKnownFileType = image.png; path = "weather_sun@2x.png"; sourceTree = "<group>"; };
		B078F4E913EAA5B8008C9F69 /* PlaceInfoActionsCell.xib */ = {isa = PBXFileReference; fileEncoding = 4; lastKnownFileType = file.xib; path = PlaceInfoActionsCell.xib; sourceTree = "<group>"; };
		B078F4EB13EAA643008C9F69 /* Star@2x.png */ = {isa = PBXFileReference; lastKnownFileType = image.png; path = "Star@2x.png"; sourceTree = "<group>"; };
		B078F4EC13EAA643008C9F69 /* Star.png */ = {isa = PBXFileReference; lastKnownFileType = image.png; path = Star.png; sourceTree = "<group>"; };
		B078F4EF13EAA9DC008C9F69 /* CellDivider.png */ = {isa = PBXFileReference; lastKnownFileType = image.png; path = CellDivider.png; sourceTree = "<group>"; };
		B078F4F013EAA9DC008C9F69 /* CellDivider@2x.png */ = {isa = PBXFileReference; lastKnownFileType = image.png; path = "CellDivider@2x.png"; sourceTree = "<group>"; };
		B078F4F313EABC94008C9F69 /* Share@2x.png */ = {isa = PBXFileReference; lastKnownFileType = image.png; path = "Share@2x.png"; sourceTree = "<group>"; };
		B078F4F413EABC94008C9F69 /* Share.png */ = {isa = PBXFileReference; lastKnownFileType = image.png; path = Share.png; sourceTree = "<group>"; };
		B078F4F713EABD37008C9F69 /* PlaceInfoActionsCell.h */ = {isa = PBXFileReference; fileEncoding = 4; lastKnownFileType = sourcecode.c.h; path = PlaceInfoActionsCell.h; sourceTree = "<group>"; };
		B078F4F813EABD37008C9F69 /* PlaceInfoActionsCell.m */ = {isa = PBXFileReference; fileEncoding = 4; lastKnownFileType = sourcecode.c.objc; path = PlaceInfoActionsCell.m; sourceTree = "<group>"; };
		B08EBC2013E9757600AA7C6A /* CoreLocation.framework */ = {isa = PBXFileReference; lastKnownFileType = wrapper.framework; name = CoreLocation.framework; path = System/Library/Frameworks/CoreLocation.framework; sourceTree = SDKROOT; };
		B08EBC2313E97C3E00AA7C6A /* PlaceAnnotation.h */ = {isa = PBXFileReference; fileEncoding = 4; lastKnownFileType = sourcecode.c.h; name = PlaceAnnotation.h; path = InPerth/PlaceAnnotation.h; sourceTree = "<group>"; };
		B08EBC2413E97C3E00AA7C6A /* PlaceAnnotation.m */ = {isa = PBXFileReference; fileEncoding = 4; lastKnownFileType = sourcecode.c.objc; name = PlaceAnnotation.m; path = InPerth/PlaceAnnotation.m; sourceTree = "<group>"; };
		B09A2F0C13C83EF6005922A4 /* Latest.png */ = {isa = PBXFileReference; lastKnownFileType = image.png; path = Latest.png; sourceTree = "<group>"; };
		B09A2F0F13C840E5005922A4 /* food.png */ = {isa = PBXFileReference; lastKnownFileType = image.png; path = food.png; sourceTree = "<group>"; };
		B09A2F1113C84433005922A4 /* food@2x.png */ = {isa = PBXFileReference; lastKnownFileType = image.png; path = "food@2x.png"; sourceTree = "<group>"; };
		B09A2F1313C847CB005922A4 /* events@2x.png */ = {isa = PBXFileReference; lastKnownFileType = image.png; path = "events@2x.png"; sourceTree = "<group>"; };
		B09A2F1413C847CB005922A4 /* events.png */ = {isa = PBXFileReference; lastKnownFileType = image.png; path = events.png; sourceTree = "<group>"; };
		B09A2F1713C84D6A005922A4 /* Latest@2x.png */ = {isa = PBXFileReference; lastKnownFileType = image.png; path = "Latest@2x.png"; sourceTree = "<group>"; };
		B09F704B13CC6A9200A9A3EF /* Ani_Clouds.png */ = {isa = PBXFileReference; lastKnownFileType = image.png; path = Ani_Clouds.png; sourceTree = "<group>"; };
		B09F704C13CC6A9200A9A3EF /* Ani_Clouds@2x.png */ = {isa = PBXFileReference; lastKnownFileType = image.png; path = "Ani_Clouds@2x.png"; sourceTree = "<group>"; };
		B09F704D13CC6A9200A9A3EF /* Ani_Rain.png */ = {isa = PBXFileReference; lastKnownFileType = image.png; path = Ani_Rain.png; sourceTree = "<group>"; };
		B09F704E13CC6A9200A9A3EF /* Ani_Rain@2x.png */ = {isa = PBXFileReference; lastKnownFileType = image.png; path = "Ani_Rain@2x.png"; sourceTree = "<group>"; };
		B09F704F13CC6A9200A9A3EF /* Ani_Sun.png */ = {isa = PBXFileReference; lastKnownFileType = image.png; path = Ani_Sun.png; sourceTree = "<group>"; };
		B09F705013CC6A9200A9A3EF /* Ani_Sun@2x.png */ = {isa = PBXFileReference; lastKnownFileType = image.png; path = "Ani_Sun@2x.png"; sourceTree = "<group>"; };
		B09F705113CC6A9200A9A3EF /* WeatherBar.png */ = {isa = PBXFileReference; lastKnownFileType = image.png; path = WeatherBar.png; sourceTree = "<group>"; };
		B09F705213CC6A9200A9A3EF /* WeatherBar@2x.png */ = {isa = PBXFileReference; lastKnownFileType = image.png; path = "WeatherBar@2x.png"; sourceTree = "<group>"; };
		B0A7704013F7C149005D2DDF /* MessageUI.framework */ = {isa = PBXFileReference; lastKnownFileType = wrapper.framework; name = MessageUI.framework; path = System/Library/Frameworks/MessageUI.framework; sourceTree = SDKROOT; };
		B0A7704313F7D944005D2DDF /* TweetView.xib */ = {isa = PBXFileReference; fileEncoding = 4; lastKnownFileType = file.xib; path = TweetView.xib; sourceTree = "<group>"; };
		B0A7704513F7DB70005D2DDF /* TweetViewController.h */ = {isa = PBXFileReference; fileEncoding = 4; lastKnownFileType = sourcecode.c.h; path = TweetViewController.h; sourceTree = "<group>"; };
		B0A7704613F7DB70005D2DDF /* TweetViewController.m */ = {isa = PBXFileReference; fileEncoding = 4; lastKnownFileType = sourcecode.c.objc; path = TweetViewController.m; sourceTree = "<group>"; };
		B0A7704813F7DD08005D2DDF /* CancelButtonView.xib */ = {isa = PBXFileReference; fileEncoding = 4; lastKnownFileType = file.xib; path = CancelButtonView.xib; sourceTree = "<group>"; };
		B0A7704A13F7E5EE005D2DDF /* CancelButton.png */ = {isa = PBXFileReference; lastKnownFileType = image.png; path = CancelButton.png; sourceTree = "<group>"; };
		B0A7704B13F7E5EE005D2DDF /* CancelBackground.png */ = {isa = PBXFileReference; lastKnownFileType = image.png; path = CancelBackground.png; sourceTree = "<group>"; };
		B0A7704E13F7E69B005D2DDF /* CancelBackground@2x.png */ = {isa = PBXFileReference; lastKnownFileType = image.png; path = "CancelBackground@2x.png"; sourceTree = "<group>"; };
		B0A7704F13F7E69B005D2DDF /* CancelButton@2x.png */ = {isa = PBXFileReference; lastKnownFileType = image.png; path = "CancelButton@2x.png"; sourceTree = "<group>"; };
		B0A7705213F7E6BE005D2DDF /* CancelButtonViewController.h */ = {isa = PBXFileReference; fileEncoding = 4; lastKnownFileType = sourcecode.c.h; path = CancelButtonViewController.h; sourceTree = "<group>"; };
		B0A7705313F7E6BE005D2DDF /* CancelButtonViewController.m */ = {isa = PBXFileReference; fileEncoding = 4; lastKnownFileType = sourcecode.c.objc; path = CancelButtonViewController.m; sourceTree = "<group>"; };
		B0C5FE3E13C9A4B2009590DB /* WeatherViewController.h */ = {isa = PBXFileReference; fileEncoding = 4; lastKnownFileType = sourcecode.c.h; path = WeatherViewController.h; sourceTree = "<group>"; };
		B0C5FE3F13C9A4B2009590DB /* WeatherViewController.m */ = {isa = PBXFileReference; fileEncoding = 4; lastKnownFileType = sourcecode.c.objc; path = WeatherViewController.m; sourceTree = "<group>"; };
		B0C5FE4013C9A4B3009590DB /* WeatherView.xib */ = {isa = PBXFileReference; fileEncoding = 4; lastKnownFileType = file.xib; path = WeatherView.xib; sourceTree = "<group>"; };
		B0C5FE4413C9A4F9009590DB /* weather_rain.png */ = {isa = PBXFileReference; lastKnownFileType = image.png; path = weather_rain.png; sourceTree = "<group>"; };
		B0C5FE4513C9A4F9009590DB /* weather_rain@2x.png */ = {isa = PBXFileReference; lastKnownFileType = image.png; path = "weather_rain@2x.png"; sourceTree = "<group>"; };
		B0D5925713D1560B00F33C17 /* Place.h */ = {isa = PBXFileReference; fileEncoding = 4; lastKnownFileType = sourcecode.c.h; name = Place.h; path = InPerth/Models/Place.h; sourceTree = "<group>"; };
		B0D5925813D1560B00F33C17 /* Place.m */ = {isa = PBXFileReference; fileEncoding = 4; lastKnownFileType = sourcecode.c.objc; name = Place.m; path = InPerth/Models/Place.m; sourceTree = "<group>"; };
		B0D5925E13D15EA300F33C17 /* BaseManager.h */ = {isa = PBXFileReference; fileEncoding = 4; lastKnownFileType = sourcecode.c.h; name = BaseManager.h; path = InPerth/Models/BaseManager.h; sourceTree = "<group>"; };
		B0D5925F13D15EA300F33C17 /* BaseManager.m */ = {isa = PBXFileReference; fileEncoding = 4; lastKnownFileType = sourcecode.c.objc; name = BaseManager.m; path = InPerth/Models/BaseManager.m; sourceTree = "<group>"; };
		B0D5926713D1800100F33C17 /* PlaceManager.h */ = {isa = PBXFileReference; fileEncoding = 4; lastKnownFileType = sourcecode.c.h; name = PlaceManager.h; path = InPerth/Models/PlaceManager.h; sourceTree = "<group>"; };
		B0D5926813D1800200F33C17 /* PlaceManager.m */ = {isa = PBXFileReference; fileEncoding = 4; lastKnownFileType = sourcecode.c.objc; name = PlaceManager.m; path = InPerth/Models/PlaceManager.m; sourceTree = "<group>"; };
		B0DE347613C4712C009991ED /* StubManager.h */ = {isa = PBXFileReference; fileEncoding = 4; lastKnownFileType = sourcecode.c.h; name = StubManager.h; path = InPerth/Models/StubManager.h; sourceTree = "<group>"; };
		B0DE347713C4712C009991ED /* StubManager.m */ = {isa = PBXFileReference; fileEncoding = 4; lastKnownFileType = sourcecode.c.objc; name = StubManager.m; path = InPerth/Models/StubManager.m; sourceTree = "<group>"; };
		B0DE347D13C47652009991ED /* CoreDataHelper.h */ = {isa = PBXFileReference; fileEncoding = 4; lastKnownFileType = sourcecode.c.h; name = CoreDataHelper.h; path = InPerth/Models/CoreDataHelper.h; sourceTree = "<group>"; };
		B0DE347E13C47652009991ED /* CoreDataHelper.m */ = {isa = PBXFileReference; fileEncoding = 4; lastKnownFileType = sourcecode.c.objc; name = CoreDataHelper.m; path = InPerth/Models/CoreDataHelper.m; sourceTree = "<group>"; };
		B0DE348013C484B5009991ED /* ProviderManager.h */ = {isa = PBXFileReference; fileEncoding = 4; lastKnownFileType = sourcecode.c.h; name = ProviderManager.h; path = InPerth/Models/ProviderManager.h; sourceTree = "<group>"; };
		B0DE348113C484B5009991ED /* ProviderManager.m */ = {isa = PBXFileReference; fileEncoding = 4; lastKnownFileType = sourcecode.c.objc; name = ProviderManager.m; path = InPerth/Models/ProviderManager.m; sourceTree = "<group>"; };
		B0E6369513E0734C00F09B41 /* Entitlements.entitlements */ = {isa = PBXFileReference; fileEncoding = 4; lastKnownFileType = text.xml; path = Entitlements.entitlements; sourceTree = SOURCE_ROOT; };
		B0E6591B13E117740010435B /* archive.h */ = {isa = PBXFileReference; fileEncoding = 4; lastKnownFileType = sourcecode.c.h; path = archive.h; sourceTree = "<group>"; };
		B0E6591C13E117740010435B /* archive_entry.h */ = {isa = PBXFileReference; fileEncoding = 4; lastKnownFileType = sourcecode.c.h; path = archive_entry.h; sourceTree = "<group>"; };
		B0E6591D13E117740010435B /* bzlib.h */ = {isa = PBXFileReference; fileEncoding = 4; lastKnownFileType = sourcecode.c.h; path = bzlib.h; sourceTree = "<group>"; };
		B0E6591E13E117740010435B /* libarc.a */ = {isa = PBXFileReference; lastKnownFileType = archive.ar; path = libarc.a; sourceTree = "<group>"; };
		B0E6592213E118A90010435B /* crypt.h */ = {isa = PBXFileReference; fileEncoding = 4; lastKnownFileType = sourcecode.c.h; path = crypt.h; sourceTree = "<group>"; };
		B0E6592313E118A90010435B /* ioapi.c */ = {isa = PBXFileReference; fileEncoding = 4; lastKnownFileType = sourcecode.c.c; path = ioapi.c; sourceTree = "<group>"; };
		B0E6592413E118A90010435B /* ioapi.h */ = {isa = PBXFileReference; fileEncoding = 4; lastKnownFileType = sourcecode.c.h; path = ioapi.h; sourceTree = "<group>"; };
		B0E6592513E118A90010435B /* mztools.c */ = {isa = PBXFileReference; fileEncoding = 4; lastKnownFileType = sourcecode.c.c; path = mztools.c; sourceTree = "<group>"; };
		B0E6592613E118A90010435B /* mztools.h */ = {isa = PBXFileReference; fileEncoding = 4; lastKnownFileType = sourcecode.c.h; path = mztools.h; sourceTree = "<group>"; };
		B0E6592713E118A90010435B /* unzip.c */ = {isa = PBXFileReference; fileEncoding = 4; lastKnownFileType = sourcecode.c.c; path = unzip.c; sourceTree = "<group>"; };
		B0E6592813E118A90010435B /* unzip.h */ = {isa = PBXFileReference; fileEncoding = 4; lastKnownFileType = sourcecode.c.h; path = unzip.h; sourceTree = "<group>"; };
		B0E6592913E118A90010435B /* zip.c */ = {isa = PBXFileReference; fileEncoding = 4; lastKnownFileType = sourcecode.c.c; path = zip.c; sourceTree = "<group>"; };
		B0E6592A13E118A90010435B /* zip.h */ = {isa = PBXFileReference; fileEncoding = 4; lastKnownFileType = sourcecode.c.h; path = zip.h; sourceTree = "<group>"; };
		B0E6592B13E118A90010435B /* ZipArchive.h */ = {isa = PBXFileReference; fileEncoding = 4; lastKnownFileType = sourcecode.c.h; path = ZipArchive.h; sourceTree = "<group>"; };
		B0E6592C13E118A90010435B /* ZipArchive.mm */ = {isa = PBXFileReference; fileEncoding = 4; lastKnownFileType = sourcecode.cpp.objcpp; path = ZipArchive.mm; sourceTree = "<group>"; };
		B0E6593213E118D00010435B /* libz.1.2.3.dylib */ = {isa = PBXFileReference; lastKnownFileType = "compiled.mach-o.dylib"; name = libz.1.2.3.dylib; path = usr/lib/libz.1.2.3.dylib; sourceTree = SDKROOT; };
		B0F012D813C460B80091630F /* EventsViewController.h */ = {isa = PBXFileReference; fileEncoding = 4; lastKnownFileType = sourcecode.c.h; path = EventsViewController.h; sourceTree = "<group>"; };
		B0F012D913C460B80091630F /* EventsViewController.m */ = {isa = PBXFileReference; fileEncoding = 4; lastKnownFileType = sourcecode.c.objc; path = EventsViewController.m; sourceTree = "<group>"; };
		B0F012DA13C460B80091630F /* EventsView.xib */ = {isa = PBXFileReference; fileEncoding = 4; lastKnownFileType = file.xib; path = EventsView.xib; sourceTree = "<group>"; };
		B0F012E013C4640C0091630F /* JSONKit.h */ = {isa = PBXFileReference; fileEncoding = 4; lastKnownFileType = sourcecode.c.h; path = JSONKit.h; sourceTree = "<group>"; };
		B0F012E113C4640C0091630F /* JSONKit.m */ = {isa = PBXFileReference; fileEncoding = 4; lastKnownFileType = sourcecode.c.objc; path = JSONKit.m; sourceTree = "<group>"; };
/* End PBXFileReference section */

/* Begin PBXFrameworksBuildPhase section */
		B0060BF513C1BBCE002669E0 /* Frameworks */ = {
			isa = PBXFrameworksBuildPhase;
			buildActionMask = 2147483647;
			files = (
				B0A7704113F7C149005D2DDF /* MessageUI.framework in Frameworks */,
				B08EBC2113E9757600AA7C6A /* CoreLocation.framework in Frameworks */,
				B021BDDE13E84EBC00A0BC57 /* MapKit.framework in Frameworks */,
				B0E6593313E118D00010435B /* libz.1.2.3.dylib in Frameworks */,
				B030C90513C1C5C600E8AB65 /* CoreData.framework in Frameworks */,
				B0060BFD13C1BBCE002669E0 /* UIKit.framework in Frameworks */,
				B0060BFF13C1BBCE002669E0 /* Foundation.framework in Frameworks */,
				B0060C0113C1BBCE002669E0 /* CoreGraphics.framework in Frameworks */,
				B0E6591F13E117740010435B /* libarc.a in Frameworks */,
			);
			runOnlyForDeploymentPostprocessing = 0;
		};
/* End PBXFrameworksBuildPhase section */

/* Begin PBXGroup section */
		B0060BED13C1BBCE002669E0 = {
			isa = PBXGroup;
			children = (
				B0A7704013F7C149005D2DDF /* MessageUI.framework */,
				B08EBC2013E9757600AA7C6A /* CoreLocation.framework */,
				B021BDDD13E84EBC00A0BC57 /* MapKit.framework */,
				B0E6593213E118D00010435B /* libz.1.2.3.dylib */,
				B027167113D47DC00046686A /* Icon.png */,
				B027166F13D47DB80046686A /* Icon@2x.png */,
				B0060C0213C1BBCE002669E0 /* InPerth */,
				B0060BFB13C1BBCE002669E0 /* Frameworks */,
				B0060BF913C1BBCE002669E0 /* Products */,
			);
			sourceTree = "<group>";
		};
		B0060BF913C1BBCE002669E0 /* Products */ = {
			isa = PBXGroup;
			children = (
				B0060BF813C1BBCE002669E0 /* InPerth.app */,
			);
			name = Products;
			sourceTree = "<group>";
		};
		B0060BFB13C1BBCE002669E0 /* Frameworks */ = {
			isa = PBXGroup;
			children = (
				B030C90413C1C5C600E8AB65 /* CoreData.framework */,
				B0060BFC13C1BBCE002669E0 /* UIKit.framework */,
				B0060BFE13C1BBCE002669E0 /* Foundation.framework */,
				B0060C0013C1BBCE002669E0 /* CoreGraphics.framework */,
			);
			name = Frameworks;
			sourceTree = "<group>";
		};
		B0060C0213C1BBCE002669E0 /* InPerth */ = {
			isa = PBXGroup;
			children = (
				B0F012DE13C463EB0091630F /* ThirdParty */,
				B030C8FA13C1C2C500E8AB65 /* Models */,
				B0060C2213C1BBE6002669E0 /* Resources */,
				B06610C913C751140062B512 /* Classes */,
				B0060C0313C1BBCE002669E0 /* Supporting Files */,
			);
			path = InPerth;
			sourceTree = "<group>";
		};
		B0060C0313C1BBCE002669E0 /* Supporting Files */ = {
			isa = PBXGroup;
			children = (
				B0E6369513E0734C00F09B41 /* Entitlements.entitlements */,
				B0060C0413C1BBCE002669E0 /* InPerth-Info.plist */,
				B0060C0513C1BBCE002669E0 /* InfoPlist.strings */,
				B0060C0813C1BBCE002669E0 /* InPerth-Prefix.pch */,
				B0060C0913C1BBCE002669E0 /* main.m */,
			);
			name = "Supporting Files";
			sourceTree = "<group>";
		};
		B0060C2213C1BBE6002669E0 /* Resources */ = {
			isa = PBXGroup;
			children = (
				B078F4E713EAA388008C9F69 /* PlaceInfoViewCells */,
				B046065E13C764B800132794 /* Images */,
				B0060C2313C1BBF6002669E0 /* Views */,
			);
			name = Resources;
			sourceTree = "<group>";
		};
		B0060C2313C1BBF6002669E0 /* Views */ = {
			isa = PBXGroup;
			children = (
				B0C5FE4013C9A4B3009590DB /* WeatherView.xib */,
				B0F012DA13C460B80091630F /* EventsView.xib */,
				B0060C0E13C1BBCE002669E0 /* MainWindow.xib */,
				B0060C1713C1BBCE002669E0 /* LatestView.xib */,
				B0060C1A13C1BBCE002669E0 /* FoodView.xib */,
				B06610CF13C753CF0062B512 /* StubCell.xib */,
				B010FA1513C819B000E50741 /* WebView.xib */,
				B021BDD313E8485B00A0BC57 /* PlaceInfoView.xib */,
				B0A7704313F7D944005D2DDF /* TweetView.xib */,
				B0A7704813F7DD08005D2DDF /* CancelButtonView.xib */,
				B0366CA913F964EA00EDAC38 /* HorizontalDividerCell.xib */,
			);
			name = Views;
			sourceTree = "<group>";
		};
		B030C8FA13C1C2C500E8AB65 /* Models */ = {
			isa = PBXGroup;
			children = (
				B030C8FB13C1C2FA00E8AB65 /* Model.xcdatamodeld */,
				B030C90113C1C57D00E8AB65 /* Provider.h */,
				B030C90213C1C57D00E8AB65 /* Provider.m */,
				B030C8FE13C1C57D00E8AB65 /* Stub.h */,
				B030C8FF13C1C57D00E8AB65 /* Stub.m */,
				B0DE347613C4712C009991ED /* StubManager.h */,
				B0DE347713C4712C009991ED /* StubManager.m */,
				B0DE347D13C47652009991ED /* CoreDataHelper.h */,
				B0DE347E13C47652009991ED /* CoreDataHelper.m */,
				B0DE348013C484B5009991ED /* ProviderManager.h */,
				B0DE348113C484B5009991ED /* ProviderManager.m */,
				B0D5925713D1560B00F33C17 /* Place.h */,
				B0D5925813D1560B00F33C17 /* Place.m */,
				B0D5925E13D15EA300F33C17 /* BaseManager.h */,
				B0D5925F13D15EA300F33C17 /* BaseManager.m */,
				B0D5926713D1800100F33C17 /* PlaceManager.h */,
				B0D5926813D1800200F33C17 /* PlaceManager.m */,
				B08EBC2313E97C3E00AA7C6A /* PlaceAnnotation.h */,
				B08EBC2413E97C3E00AA7C6A /* PlaceAnnotation.m */,
			);
			name = Models;
			path = ..;
			sourceTree = "<group>";
		};
		B046065E13C764B800132794 /* Images */ = {
			isa = PBXGroup;
			children = (
				B0366CAC13F9650B00EDAC38 /* CellHorizontalDivider@2x.png */,
				B0366CAD13F9650B00EDAC38 /* CellHorizontalDivider.png */,
				B0A7704E13F7E69B005D2DDF /* CancelBackground@2x.png */,
				B0A7704F13F7E69B005D2DDF /* CancelButton@2x.png */,
				B0A7704A13F7E5EE005D2DDF /* CancelButton.png */,
				B0A7704B13F7E5EE005D2DDF /* CancelBackground.png */,
				B078F4F313EABC94008C9F69 /* Share@2x.png */,
				B078F4F413EABC94008C9F69 /* Share.png */,
				B078F4EF13EAA9DC008C9F69 /* CellDivider.png */,
				B078F4F013EAA9DC008C9F69 /* CellDivider@2x.png */,
				B078F4EB13EAA643008C9F69 /* Star@2x.png */,
				B078F4EC13EAA643008C9F69 /* Star.png */,
				B021BDDF13E8549700A0BC57 /* PlaceFooter.png */,
				B021BDE013E8549700A0BC57 /* PlaceFooter@2x.png */,
				B021BDD613E84BF600A0BC57 /* PlaceHeader.png */,
				B021BDD713E84BF600A0BC57 /* PlaceHeader@2x.png */,
				B05BBA4613D5C318009FD032 /* Info.png */,
				B05BBA4713D5C318009FD032 /* Info@2x.png */,
				B027166A13D47DA30046686A /* Icon.png */,
				B027166B13D47DA30046686A /* Icon@2x.png */,
				B04701D913D1B5DA00E76A96 /* Back@2x.png */,
				B04701DA13D1B5DA00E76A96 /* Back.png */,
				B04701D513D1B29500E76A96 /* WebViewDetail@2x.png */,
				B04701D613D1B29500E76A96 /* WebViewDetail.png */,
				B09F704A13CC6A9200A9A3EF /* Animation */,
				B077D1FA13CAFBFF0047E3A2 /* weather */,
				B09A2F1713C84D6A005922A4 /* Latest@2x.png */,
				B09A2F1313C847CB005922A4 /* events@2x.png */,
				B09A2F1413C847CB005922A4 /* events.png */,
				B09A2F1113C84433005922A4 /* food@2x.png */,
				B09A2F0F13C840E5005922A4 /* food.png */,
				B09A2F0C13C83EF6005922A4 /* Latest.png */,
				B046066013C764D500132794 /* Stub@2x.png */,
				B046066113C764D500132794 /* Stub.png */,
			);
			name = Images;
			sourceTree = "<group>";
		};
		B06610C913C751140062B512 /* Classes */ = {
			isa = PBXGroup;
			children = (
				B06610CB13C751270062B512 /* Cells */,
				B0060C0B13C1BBCE002669E0 /* InPerthAppDelegate.h */,
				B0060C0C13C1BBCE002669E0 /* InPerthAppDelegate.m */,
				B0060C1113C1BBCE002669E0 /* LatestViewController.h */,
				B0060C1213C1BBCE002669E0 /* LatestViewController.m */,
				B0060C1413C1BBCE002669E0 /* FoodViewController.h */,
				B0060C1513C1BBCE002669E0 /* FoodViewController.m */,
				B0F012D813C460B80091630F /* EventsViewController.h */,
				B0F012D913C460B80091630F /* EventsViewController.m */,
				B010FA1813C81A4E00E50741 /* WebViewController.h */,
				B010FA1913C81A4E00E50741 /* WebViewController.m */,
				B0C5FE3E13C9A4B2009590DB /* WeatherViewController.h */,
				B0C5FE3F13C9A4B2009590DB /* WeatherViewController.m */,
				B021BDDA13E84E5000A0BC57 /* PlaceInfoViewController.h */,
				B021BDDB13E84E5000A0BC57 /* PlaceInfoViewController.m */,
				B0A7704513F7DB70005D2DDF /* TweetViewController.h */,
				B0A7704613F7DB70005D2DDF /* TweetViewController.m */,
			);
			name = Classes;
			sourceTree = "<group>";
		};
		B06610CB13C751270062B512 /* Cells */ = {
			isa = PBXGroup;
			children = (
				B06610CC13C751900062B512 /* StubCell.h */,
				B06610CD13C751900062B512 /* StubCell.m */,
				B078F4F713EABD37008C9F69 /* PlaceInfoActionsCell.h */,
				B078F4F813EABD37008C9F69 /* PlaceInfoActionsCell.m */,
				B0A7705213F7E6BE005D2DDF /* CancelButtonViewController.h */,
				B0A7705313F7E6BE005D2DDF /* CancelButtonViewController.m */,
				B0366CB013F965CF00EDAC38 /* HorizontalDividerCell.h */,
				B0366CB113F965CF00EDAC38 /* HorizontalDividerCell.m */,
			);
			name = Cells;
			sourceTree = "<group>";
		};
		B077D1FA13CAFBFF0047E3A2 /* weather */ = {
			isa = PBXGroup;
			children = (
				B077D1FC13CAFC1A0047E3A2 /* weather_cloudy.png */,
				B077D1FD13CAFC1A0047E3A2 /* weather_cloudy@2x.png */,
				B077D1FE13CAFC1A0047E3A2 /* weather_sun.png */,
				B077D1FF13CAFC1A0047E3A2 /* weather_sun@2x.png */,
				B0C5FE4413C9A4F9009590DB /* weather_rain.png */,
				B0C5FE4513C9A4F9009590DB /* weather_rain@2x.png */,
			);
			name = weather;
			sourceTree = "<group>";
		};
		B078F4E713EAA388008C9F69 /* PlaceInfoViewCells */ = {
			isa = PBXGroup;
			children = (
				B078F4E913EAA5B8008C9F69 /* PlaceInfoActionsCell.xib */,
			);
			name = PlaceInfoViewCells;
			sourceTree = "<group>";
		};
		B09F704A13CC6A9200A9A3EF /* Animation */ = {
			isa = PBXGroup;
			children = (
				B09F704B13CC6A9200A9A3EF /* Ani_Clouds.png */,
				B09F704C13CC6A9200A9A3EF /* Ani_Clouds@2x.png */,
				B09F704D13CC6A9200A9A3EF /* Ani_Rain.png */,
				B09F704E13CC6A9200A9A3EF /* Ani_Rain@2x.png */,
				B09F704F13CC6A9200A9A3EF /* Ani_Sun.png */,
				B09F705013CC6A9200A9A3EF /* Ani_Sun@2x.png */,
				B09F705113CC6A9200A9A3EF /* WeatherBar.png */,
				B09F705213CC6A9200A9A3EF /* WeatherBar@2x.png */,
			);
			path = Animation;
			sourceTree = "<group>";
		};
		B0E6591A13E117740010435B /* LibArchive */ = {
			isa = PBXGroup;
			children = (
				B0E6591B13E117740010435B /* archive.h */,
				B0E6591C13E117740010435B /* archive_entry.h */,
				B0E6591D13E117740010435B /* bzlib.h */,
				B0E6591E13E117740010435B /* libarc.a */,
			);
			path = LibArchive;
			sourceTree = "<group>";
		};
		B0E6592013E118A90010435B /* ZipArchive */ = {
			isa = PBXGroup;
			children = (
				B0E6592113E118A90010435B /* minizip */,
				B0E6592B13E118A90010435B /* ZipArchive.h */,
				B0E6592C13E118A90010435B /* ZipArchive.mm */,
			);
			path = ZipArchive;
			sourceTree = "<group>";
		};
		B0E6592113E118A90010435B /* minizip */ = {
			isa = PBXGroup;
			children = (
				B0E6592213E118A90010435B /* crypt.h */,
				B0E6592313E118A90010435B /* ioapi.c */,
				B0E6592413E118A90010435B /* ioapi.h */,
				B0E6592513E118A90010435B /* mztools.c */,
				B0E6592613E118A90010435B /* mztools.h */,
				B0E6592713E118A90010435B /* unzip.c */,
				B0E6592813E118A90010435B /* unzip.h */,
				B0E6592913E118A90010435B /* zip.c */,
				B0E6592A13E118A90010435B /* zip.h */,
			);
			path = minizip;
			sourceTree = "<group>";
		};
		B0F012DE13C463EB0091630F /* ThirdParty */ = {
			isa = PBXGroup;
			children = (
				B0E6592013E118A90010435B /* ZipArchive */,
				B0E6591A13E117740010435B /* LibArchive */,
				B0F012DF13C463F40091630F /* JSONKit */,
			);
			name = ThirdParty;
			sourceTree = "<group>";
		};
		B0F012DF13C463F40091630F /* JSONKit */ = {
			isa = PBXGroup;
			children = (
				B0F012E013C4640C0091630F /* JSONKit.h */,
				B0F012E113C4640C0091630F /* JSONKit.m */,
			);
			name = JSONKit;
			sourceTree = "<group>";
		};
/* End PBXGroup section */

/* Begin PBXNativeTarget section */
		B0060BF713C1BBCE002669E0 /* InPerth */ = {
			isa = PBXNativeTarget;
			buildConfigurationList = B0060C1F13C1BBCE002669E0 /* Build configuration list for PBXNativeTarget "InPerth" */;
			buildPhases = (
				B0060BF413C1BBCE002669E0 /* Sources */,
				B0060BF513C1BBCE002669E0 /* Frameworks */,
				B0060BF613C1BBCE002669E0 /* Resources */,
				B027201413CB28C6007443CD /* ShellScript */,
			);
			buildRules = (
			);
			dependencies = (
			);
			name = InPerth;
			productName = InPerth;
			productReference = B0060BF813C1BBCE002669E0 /* InPerth.app */;
			productType = "com.apple.product-type.application";
		};
/* End PBXNativeTarget section */

/* Begin PBXProject section */
		B0060BEF13C1BBCE002669E0 /* Project object */ = {
			isa = PBXProject;
			attributes = {
				LastUpgradeCheck = 0420;
				ORGANIZATIONNAME = mullac.org;
			};
			buildConfigurationList = B0060BF213C1BBCE002669E0 /* Build configuration list for PBXProject "InPerth" */;
			compatibilityVersion = "Xcode 3.2";
			developmentRegion = English;
			hasScannedForEncodings = 0;
			knownRegions = (
				en,
			);
			mainGroup = B0060BED13C1BBCE002669E0;
			productRefGroup = B0060BF913C1BBCE002669E0 /* Products */;
			projectDirPath = "";
			projectRoot = "";
			targets = (
				B0060BF713C1BBCE002669E0 /* InPerth */,
			);
		};
/* End PBXProject section */

/* Begin PBXResourcesBuildPhase section */
		B0060BF613C1BBCE002669E0 /* Resources */ = {
			isa = PBXResourcesBuildPhase;
			buildActionMask = 2147483647;
			files = (
				B0060C0713C1BBCE002669E0 /* InfoPlist.strings in Resources */,
				B0060C1013C1BBCE002669E0 /* MainWindow.xib in Resources */,
				B0060C1913C1BBCE002669E0 /* LatestView.xib in Resources */,
				B0060C1C13C1BBCE002669E0 /* FoodView.xib in Resources */,
				B0F012DC13C460B80091630F /* EventsView.xib in Resources */,
				B06610D013C753CF0062B512 /* StubCell.xib in Resources */,
				B046066213C764D500132794 /* Stub@2x.png in Resources */,
				B046066313C764D500132794 /* Stub.png in Resources */,
				B010FA1613C819B000E50741 /* WebView.xib in Resources */,
				B09A2F0D13C83EF6005922A4 /* Latest.png in Resources */,
				B09A2F1013C840E5005922A4 /* food.png in Resources */,
				B09A2F1213C84433005922A4 /* food@2x.png in Resources */,
				B09A2F1513C847CB005922A4 /* events@2x.png in Resources */,
				B09A2F1613C847CB005922A4 /* events.png in Resources */,
				B09A2F1813C84D6A005922A4 /* Latest@2x.png in Resources */,
				B0C5FE4213C9A4B3009590DB /* WeatherView.xib in Resources */,
				B0C5FE4613C9A4F9009590DB /* weather_rain.png in Resources */,
				B0C5FE4713C9A4F9009590DB /* weather_rain@2x.png in Resources */,
				B077D20013CAFC1A0047E3A2 /* weather_cloudy.png in Resources */,
				B077D20113CAFC1A0047E3A2 /* weather_cloudy@2x.png in Resources */,
				B077D20213CAFC1A0047E3A2 /* weather_sun.png in Resources */,
				B077D20313CAFC1A0047E3A2 /* weather_sun@2x.png in Resources */,
				B09F705313CC6A9200A9A3EF /* Ani_Clouds.png in Resources */,
				B09F705413CC6A9200A9A3EF /* Ani_Clouds@2x.png in Resources */,
				B09F705513CC6A9200A9A3EF /* Ani_Rain.png in Resources */,
				B09F705613CC6A9200A9A3EF /* Ani_Rain@2x.png in Resources */,
				B09F705713CC6A9200A9A3EF /* Ani_Sun.png in Resources */,
				B09F705813CC6A9200A9A3EF /* Ani_Sun@2x.png in Resources */,
				B09F705913CC6A9200A9A3EF /* WeatherBar.png in Resources */,
				B09F705A13CC6A9200A9A3EF /* WeatherBar@2x.png in Resources */,
				B04701D713D1B29500E76A96 /* WebViewDetail@2x.png in Resources */,
				B04701D813D1B29500E76A96 /* WebViewDetail.png in Resources */,
				B04701DB13D1B5DA00E76A96 /* Back@2x.png in Resources */,
				B04701DC13D1B5DA00E76A96 /* Back.png in Resources */,
				B027166C13D47DA30046686A /* Icon.png in Resources */,
				B027166D13D47DA30046686A /* Icon@2x.png in Resources */,
				B027167013D47DB80046686A /* Icon@2x.png in Resources */,
				B027167213D47DC00046686A /* Icon.png in Resources */,
				B05BBA4813D5C318009FD032 /* Info.png in Resources */,
				B05BBA4913D5C318009FD032 /* Info@2x.png in Resources */,
				B0E6369613E0734C00F09B41 /* Entitlements.entitlements in Resources */,
				B021BDD413E8485B00A0BC57 /* PlaceInfoView.xib in Resources */,
				B021BDD813E84BF600A0BC57 /* PlaceHeader.png in Resources */,
				B021BDD913E84BF600A0BC57 /* PlaceHeader@2x.png in Resources */,
				B021BDE113E8549700A0BC57 /* PlaceFooter.png in Resources */,
				B021BDE213E8549700A0BC57 /* PlaceFooter@2x.png in Resources */,
				B078F4EA13EAA5B8008C9F69 /* PlaceInfoActionsCell.xib in Resources */,
				B078F4ED13EAA643008C9F69 /* Star@2x.png in Resources */,
				B078F4EE13EAA643008C9F69 /* Star.png in Resources */,
				B078F4F113EAA9DC008C9F69 /* CellDivider.png in Resources */,
				B078F4F213EAA9DC008C9F69 /* CellDivider@2x.png in Resources */,
				B078F4F513EABC94008C9F69 /* Share@2x.png in Resources */,
				B078F4F613EABC94008C9F69 /* Share.png in Resources */,
				B0A7704413F7D944005D2DDF /* TweetView.xib in Resources */,
				B0A7704913F7DD08005D2DDF /* CancelButtonView.xib in Resources */,
				B0A7704C13F7E5EE005D2DDF /* CancelButton.png in Resources */,
				B0A7704D13F7E5EE005D2DDF /* CancelBackground.png in Resources */,
				B0A7705013F7E69B005D2DDF /* CancelBackground@2x.png in Resources */,
				B0A7705113F7E69B005D2DDF /* CancelButton@2x.png in Resources */,
				B0366CAA13F964EA00EDAC38 /* HorizontalDividerCell.xib in Resources */,
				B0366CAE13F9650B00EDAC38 /* CellHorizontalDivider@2x.png in Resources */,
				B0366CAF13F9650B00EDAC38 /* CellHorizontalDivider.png in Resources */,
			);
			runOnlyForDeploymentPostprocessing = 0;
		};
/* End PBXResourcesBuildPhase section */

/* Begin PBXShellScriptBuildPhase section */
		B027201413CB28C6007443CD /* ShellScript */ = {
			isa = PBXShellScriptBuildPhase;
			buildActionMask = 2147483647;
			files = (
			);
			inputPaths = (
			);
			outputPaths = (
			);
			runOnlyForDeploymentPostprocessing = 0;
			shellPath = /bin/sh;
			shellScript = "datevar=$(date +%s)\necho $datevar\nmkdir -p ~/Builds/$datevar\ncp -R $CODESIGNING_FOLDER_PATH/.. ~/Builds/$datevar\n\n################\n#Place this into your Run Script phase in your Project Settings > Target > Build Phases > Add Build Phases";
		};
/* End PBXShellScriptBuildPhase section */

/* Begin PBXSourcesBuildPhase section */
		B0060BF413C1BBCE002669E0 /* Sources */ = {
			isa = PBXSourcesBuildPhase;
			buildActionMask = 2147483647;
			files = (
				B0060C0A13C1BBCE002669E0 /* main.m in Sources */,
				B0060C0D13C1BBCE002669E0 /* InPerthAppDelegate.m in Sources */,
				B0060C1313C1BBCE002669E0 /* LatestViewController.m in Sources */,
				B0060C1613C1BBCE002669E0 /* FoodViewController.m in Sources */,
				B030C8FD13C1C2FA00E8AB65 /* Model.xcdatamodeld in Sources */,
				B030C90013C1C57D00E8AB65 /* Stub.m in Sources */,
				B030C90313C1C57D00E8AB65 /* Provider.m in Sources */,
				B0F012DB13C460B80091630F /* EventsViewController.m in Sources */,
				B0F012E213C4640C0091630F /* JSONKit.m in Sources */,
				B0DE347813C4712C009991ED /* StubManager.m in Sources */,
				B0DE347F13C47652009991ED /* CoreDataHelper.m in Sources */,
				B0DE348213C484B5009991ED /* ProviderManager.m in Sources */,
				B06610CE13C751900062B512 /* StubCell.m in Sources */,
				B010FA1A13C81A4E00E50741 /* WebViewController.m in Sources */,
				B0C5FE4113C9A4B3009590DB /* WeatherViewController.m in Sources */,
				B0D5925913D1560B00F33C17 /* Place.m in Sources */,
				B0D5926013D15EA300F33C17 /* BaseManager.m in Sources */,
				B0D5926913D1800300F33C17 /* PlaceManager.m in Sources */,
				B0E6592D13E118A90010435B /* ioapi.c in Sources */,
				B0E6592E13E118A90010435B /* mztools.c in Sources */,
				B0E6592F13E118A90010435B /* unzip.c in Sources */,
				B0E6593013E118A90010435B /* zip.c in Sources */,
				B0E6593113E118A90010435B /* ZipArchive.mm in Sources */,
				B021BDDC13E84E5000A0BC57 /* PlaceInfoViewController.m in Sources */,
				B08EBC2513E97C3E00AA7C6A /* PlaceAnnotation.m in Sources */,
				B078F4F913EABD37008C9F69 /* PlaceInfoActionsCell.m in Sources */,
				B0A7704713F7DB70005D2DDF /* TweetViewController.m in Sources */,
				B0A7705413F7E6BE005D2DDF /* CancelButtonViewController.m in Sources */,
				B0366CB213F965CF00EDAC38 /* HorizontalDividerCell.m in Sources */,
			);
			runOnlyForDeploymentPostprocessing = 0;
		};
/* End PBXSourcesBuildPhase section */

/* Begin PBXVariantGroup section */
		B0060C0513C1BBCE002669E0 /* InfoPlist.strings */ = {
			isa = PBXVariantGroup;
			children = (
				B0060C0613C1BBCE002669E0 /* en */,
			);
			name = InfoPlist.strings;
			sourceTree = "<group>";
		};
		B0060C0E13C1BBCE002669E0 /* MainWindow.xib */ = {
			isa = PBXVariantGroup;
			children = (
				B0060C0F13C1BBCE002669E0 /* en */,
			);
			name = MainWindow.xib;
			sourceTree = "<group>";
		};
		B0060C1713C1BBCE002669E0 /* LatestView.xib */ = {
			isa = PBXVariantGroup;
			children = (
				B0060C1813C1BBCE002669E0 /* en */,
			);
			name = LatestView.xib;
			sourceTree = "<group>";
		};
		B0060C1A13C1BBCE002669E0 /* FoodView.xib */ = {
			isa = PBXVariantGroup;
			children = (
				B0060C1B13C1BBCE002669E0 /* en */,
			);
			name = FoodView.xib;
			sourceTree = "<group>";
		};
/* End PBXVariantGroup section */

/* Begin XCBuildConfiguration section */
		B0060C1D13C1BBCE002669E0 /* Debug */ = {
			isa = XCBuildConfiguration;
			buildSettings = {
				ARCHS = "$(ARCHS_STANDARD_32_BIT)";
				"CODE_SIGN_IDENTITY[sdk=iphoneos*]" = "iPhone Developer";
				GCC_C_LANGUAGE_STANDARD = gnu99;
				GCC_OPTIMIZATION_LEVEL = 0;
				GCC_PREPROCESSOR_DEFINITIONS = DEBUG;
				GCC_SYMBOLS_PRIVATE_EXTERN = NO;
				GCC_VERSION = com.apple.compilers.llvmgcc42;
				GCC_WARN_ABOUT_RETURN_TYPE = YES;
				GCC_WARN_UNUSED_VARIABLE = YES;
				IPHONEOS_DEPLOYMENT_TARGET = 4.3;
				SDKROOT = iphoneos;
			};
			name = Debug;
		};
		B0060C1E13C1BBCE002669E0 /* Release */ = {
			isa = XCBuildConfiguration;
			buildSettings = {
				ARCHS = "$(ARCHS_STANDARD_32_BIT)";
				"CODE_SIGN_IDENTITY[sdk=iphoneos*]" = "iPhone Developer";
				GCC_C_LANGUAGE_STANDARD = gnu99;
				GCC_VERSION = com.apple.compilers.llvmgcc42;
				GCC_WARN_ABOUT_RETURN_TYPE = YES;
				GCC_WARN_UNUSED_VARIABLE = YES;
				IPHONEOS_DEPLOYMENT_TARGET = 4.3;
				OTHER_CFLAGS = "-DNS_BLOCK_ASSERTIONS=1";
				SDKROOT = iphoneos;
			};
			name = Release;
		};
		B0060C2013C1BBCE002669E0 /* Debug */ = {
			isa = XCBuildConfiguration;
			buildSettings = {
				ALWAYS_SEARCH_USER_PATHS = NO;
				COPY_PHASE_STRIP = NO;
				GCC_DYNAMIC_NO_PIC = NO;
				GCC_PRECOMPILE_PREFIX_HEADER = YES;
				GCC_PREFIX_HEADER = "InPerth/InPerth-Prefix.pch";
				GCC_VERSION = com.apple.compilers.llvm.clang.1_0;
				INFOPLIST_FILE = "InPerth/InPerth-Info.plist";
				IPHONEOS_DEPLOYMENT_TARGET = 4.2;
				LIBRARY_SEARCH_PATHS = (
					"$(inherited)",
					"\"$(SRCROOT)/InPerth/LibArchive\"",
				);
				PRODUCT_NAME = "$(TARGET_NAME)";
				WRAPPER_EXTENSION = app;
			};
			name = Debug;
		};
		B0060C2113C1BBCE002669E0 /* Release */ = {
			isa = XCBuildConfiguration;
			buildSettings = {
				ALWAYS_SEARCH_USER_PATHS = NO;
				COPY_PHASE_STRIP = YES;
				GCC_PRECOMPILE_PREFIX_HEADER = YES;
				GCC_PREFIX_HEADER = "InPerth/InPerth-Prefix.pch";
				GCC_VERSION = com.apple.compilers.llvm.clang.1_0;
				INFOPLIST_FILE = "InPerth/InPerth-Info.plist";
				IPHONEOS_DEPLOYMENT_TARGET = 4.2;
				LIBRARY_SEARCH_PATHS = (
					"$(inherited)",
					"\"$(SRCROOT)/InPerth/LibArchive\"",
				);
				PRODUCT_NAME = "$(TARGET_NAME)";
				VALIDATE_PRODUCT = YES;
				WRAPPER_EXTENSION = app;
			};
			name = Release;
		};
		B0E6369313E0719E00F09B41 /* AdHoc */ = {
			isa = XCBuildConfiguration;
			buildSettings = {
				ARCHS = "$(ARCHS_STANDARD_32_BIT)";
				"CODE_SIGN_IDENTITY[sdk=iphoneos*]" = "iPhone Developer";
				GCC_C_LANGUAGE_STANDARD = gnu99;
				GCC_VERSION = com.apple.compilers.llvmgcc42;
				GCC_WARN_ABOUT_RETURN_TYPE = YES;
				GCC_WARN_UNUSED_VARIABLE = YES;
				IPHONEOS_DEPLOYMENT_TARGET = 4.3;
				OTHER_CFLAGS = "-DNS_BLOCK_ASSERTIONS=1";
				SDKROOT = iphoneos;
			};
			name = AdHoc;
		};
		B0E6369413E0719E00F09B41 /* AdHoc */ = {
			isa = XCBuildConfiguration;
			buildSettings = {
				ALWAYS_SEARCH_USER_PATHS = NO;
				"CODE_SIGN_ENTITLEMENTS[sdk=*]" = Entitlements.entitlements;
				"CODE_SIGN_IDENTITY[sdk=iphoneos*]" = "iPhone Distribution: Callum Jones";
				COPY_PHASE_STRIP = YES;
				GCC_PRECOMPILE_PREFIX_HEADER = YES;
				GCC_PREFIX_HEADER = "InPerth/InPerth-Prefix.pch";
				GCC_VERSION = com.apple.compilers.llvm.clang.1_0;
				INFOPLIST_FILE = "InPerth/InPerth-Info.plist";
				IPHONEOS_DEPLOYMENT_TARGET = 4.2;
				LIBRARY_SEARCH_PATHS = (
					"$(inherited)",
					"\"$(SRCROOT)/InPerth/LibArchive\"",
				);
				PRODUCT_NAME = "$(TARGET_NAME)";
				"PROVISIONING_PROFILE[sdk=iphoneos*]" = "4D05C42D-9D1E-48A6-9F57-36F94A8D3032";
				VALIDATE_PRODUCT = YES;
				WRAPPER_EXTENSION = app;
			};
			name = AdHoc;
		};
/* End XCBuildConfiguration section */

/* Begin XCConfigurationList section */
		B0060BF213C1BBCE002669E0 /* Build configuration list for PBXProject "InPerth" */ = {
			isa = XCConfigurationList;
			buildConfigurations = (
				B0060C1D13C1BBCE002669E0 /* Debug */,
				B0060C1E13C1BBCE002669E0 /* Release */,
				B0E6369313E0719E00F09B41 /* AdHoc */,
			);
			defaultConfigurationIsVisible = 0;
			defaultConfigurationName = Release;
		};
		B0060C1F13C1BBCE002669E0 /* Build configuration list for PBXNativeTarget "InPerth" */ = {
			isa = XCConfigurationList;
			buildConfigurations = (
				B0060C2013C1BBCE002669E0 /* Debug */,
				B0060C2113C1BBCE002669E0 /* Release */,
				B0E6369413E0719E00F09B41 /* AdHoc */,
			);
			defaultConfigurationIsVisible = 0;
			defaultConfigurationName = Release;
		};
/* End XCConfigurationList section */

/* Begin XCVersionGroup section */
		B030C8FB13C1C2FA00E8AB65 /* Model.xcdatamodeld */ = {
			isa = XCVersionGroup;
			children = (
				B030C8FC13C1C2FA00E8AB65 /* Model.xcdatamodel */,
			);
			currentVersion = B030C8FC13C1C2FA00E8AB65 /* Model.xcdatamodel */;
			name = Model.xcdatamodeld;
			path = InPerth/Models/Model.xcdatamodeld;
			sourceTree = "<group>";
			versionGroupType = wrapper.xcdatamodel;
		};
/* End XCVersionGroup section */
	};
	rootObject = B0060BEF13C1BBCE002669E0 /* Project object */;
}
